
Microsoft Visual Studio Solution File, Format Version 12.00
# Visual Studio Version 17
VisualStudioVersion = 17.2.32630.192
MinimumVisualStudioVersion = 10.0.40219.1
Project("{FAE04EC0-301F-11D3-BF4B-00C04F79EFBC}") = "ExcelExportetWpf", "ExcelExportetWpf.csproj", "{795F1BEC-CC70-4AA8-83DF-1C5327182961}"
EndProject
Global
	GlobalSection(SolutionConfigurationPlatforms) = preSolution
		Debug|Any CPU = Debug|Any CPU
		Release|Any CPU = Release|Any CPU
	EndGlobalSection
	GlobalSection(ProjectConfigurationPlatforms) = postSolution
		{795F1BEC-CC70-4AA8-83DF-1C5327182961}.Debug|Any CPU.ActiveCfg = Debug|Any CPU
		{795F1BEC-CC70-4AA8-83DF-1C5327182961}.Debug|Any CPU.Build.0 = Debug|Any CPU
		{795F1BEC-CC70-4AA8-83DF-1C5327182961}.Release|Any CPU.ActiveCfg = Release|Any CPU
		{795F1BEC-CC70-4AA8-83DF-1C5327182961}.Release|Any CPU.Build.0 = Release|Any CPU
	EndGlobalSection
	GlobalSection(SolutionProperties) = preSolution
		HideSolutionNode = FALSE
	EndGlobalSection
	GlobalSection(ExtensibilityGlobals) = postSolution
		SolutionGuid = {C6747B9A-A18C-4E76-82AA-60D91D5E49F7}
	EndGlobalSection
EndGlobal
